
Microsoft Visual Studio Solution File, Format Version 12.00
# Visual Studio Version 17
VisualStudioVersion = 17.8.34525.116
MinimumVisualStudioVersion = 10.0.40219.1
Project("{9A19103F-16F7-4668-BE54-9A1E7A4F7556}") = "CockatriceCardImageLoader", "CockatriceCardImageLoader\CockatriceCardImageLoader.csproj", "{73E58812-7AE4-42B0-B97D-90D7D9EE2D85}"
EndProject
Global
	GlobalSection(SolutionConfigurationPlatforms) = preSolution
		Debug|Any CPU = Debug|Any CPU
		Release|Any CPU = Release|Any CPU
	EndGlobalSection
	GlobalSection(ProjectConfigurationPlatforms) = postSolution
		{73E58812-7AE4-42B0-B97D-90D7D9EE2D85}.Debug|Any CPU.ActiveCfg = Debug|Any CPU
		{73E58812-7AE4-42B0-B97D-90D7D9EE2D85}.Debug|Any CPU.Build.0 = Debug|Any CPU
		{73E58812-7AE4-42B0-B97D-90D7D9EE2D85}.Release|Any CPU.ActiveCfg = Release|Any CPU
		{73E58812-7AE4-42B0-B97D-90D7D9EE2D85}.Release|Any CPU.Build.0 = Release|Any CPU
	EndGlobalSection
	GlobalSection(SolutionProperties) = preSolution
		HideSolutionNode = FALSE
	EndGlobalSection
	GlobalSection(ExtensibilityGlobals) = postSolution
		SolutionGuid = {B79576AD-8088-4ADA-8F5F-E53F6C2D02EF}
	EndGlobalSection
EndGlobal
